
Microsoft Visual Studio Solution File, Format Version 12.00
# Visual Studio 14
VisualStudioVersion = 14.0.25420.1
MinimumVisualStudioVersion = 10.0.40219.1
Project("{FAE04EC0-301F-11D3-BF4B-00C04F79EFBC}") = "Samples.ArticleExample", "Samples.ArticleExample\Samples.ArticleExample.csproj", "{1F6BDE4D-E55A-4480-B8E1-3C9D890AB717}"
EndProject
Project("{FAE04EC0-301F-11D3-BF4B-00C04F79EFBC}") = "Samples.ArticleExample.Tests", "Samples.ArticleExample.Tests\Samples.ArticleExample.Tests.csproj", "{D64A16C1-966C-4ECC-ADE3-6A09E34AF39F}"
EndProject
Global
	GlobalSection(SolutionConfigurationPlatforms) = preSolution
		Debug|Any CPU = Debug|Any CPU
		Release|Any CPU = Release|Any CPU
	EndGlobalSection
	GlobalSection(ProjectConfigurationPlatforms) = postSolution
		{1F6BDE4D-E55A-4480-B8E1-3C9D890AB717}.Debug|Any CPU.ActiveCfg = Debug|Any CPU
		{1F6BDE4D-E55A-4480-B8E1-3C9D890AB717}.Debug|Any CPU.Build.0 = Debug|Any CPU
		{1F6BDE4D-E55A-4480-B8E1-3C9D890AB717}.Release|Any CPU.ActiveCfg = Release|Any CPU
		{1F6BDE4D-E55A-4480-B8E1-3C9D890AB717}.Release|Any CPU.Build.0 = Release|Any CPU
		{D64A16C1-966C-4ECC-ADE3-6A09E34AF39F}.Debug|Any CPU.ActiveCfg = Debug|Any CPU
		{D64A16C1-966C-4ECC-ADE3-6A09E34AF39F}.Debug|Any CPU.Build.0 = Debug|Any CPU
		{D64A16C1-966C-4ECC-ADE3-6A09E34AF39F}.Release|Any CPU.ActiveCfg = Release|Any CPU
		{D64A16C1-966C-4ECC-ADE3-6A09E34AF39F}.Release|Any CPU.Build.0 = Release|Any CPU
	EndGlobalSection
	GlobalSection(SolutionProperties) = preSolution
		HideSolutionNode = FALSE
	EndGlobalSection
EndGlobal
